
Microsoft Visual Studio Solution File, Format Version 12.00
# Visual Studio Version 17
VisualStudioVersion = 17.4.33122.133
MinimumVisualStudioVersion = 10.0.40219.1
Project("{9A19103F-16F7-4668-BE54-9A1E7A4F7556}") = "Agilite.Api", "Agilite.Api\Agilite.Api.csproj", "{3F813D10-15FB-4943-A5BC-CD332620B936}"
EndProject
Project("{9A19103F-16F7-4668-BE54-9A1E7A4F7556}") = "Agilite.Entities", "Agilite.Entities\Agilite.Entities.csproj", "{3D5A8AA4-E795-440B-B8CC-72F468F23CB4}"
EndProject
Project("{9A19103F-16F7-4668-BE54-9A1E7A4F7556}") = "Agilite.DataTransferObject", "Agilite.DataTransferObject\Agilite.DataTransferObject.csproj", "{1A240969-14D9-4AA8-A2FE-AB06DE767894}"
EndProject
Project("{9A19103F-16F7-4668-BE54-9A1E7A4F7556}") = "Agilite.UnitOfWork", "Agilite.UnitOfWork\Agilite.UnitOfWork.csproj", "{BB263177-84EC-435F-8441-E23F1640109F}"
EndProject
Project("{9A19103F-16F7-4668-BE54-9A1E7A4F7556}") = "Agilite.Repositories", "Agilite.Repositories\Agilite.Repositories.csproj", "{24BFB3C7-7474-42C1-99F7-6107537F9DC5}"
EndProject
Project("{9A19103F-16F7-4668-BE54-9A1E7A4F7556}") = "Agilite.Services", "Agilite.Services\Agilite.Services.csproj", "{A670BBAE-60D2-44D5-AB92-FB2FF01BA5A9}"
EndProject
Project("{9A19103F-16F7-4668-BE54-9A1E7A4F7556}") = "Agilite.Mapper", "Agilite.Mapper\Agilite.Mapper.csproj", "{21917B39-FDF0-434F-9C89-4A185C011C04}"
EndProject
Project("{2150E333-8FDC-42A3-9474-1A3956D46DE8}") = "Backend", "Backend", "{0C0A4E0C-5966-4B71-B2C7-1053588588A5}"
EndProject
Project("{2150E333-8FDC-42A3-9474-1A3956D46DE8}") = "Frontend", "Frontend", "{0D1A4F36-631B-4895-ACE4-CEC58BA772AD}"
EndProject
Project("{9A19103F-16F7-4668-BE54-9A1E7A4F7556}") = "Agilite.UI", "Agilite.UI\Agilite.UI.csproj", "{548E1C6D-B203-41C2-8641-C03BA68C1A0C}"
EndProject
Project("{2150E333-8FDC-42A3-9474-1A3956D46DE8}") = "Shared", "Shared", "{7FD9F95F-A2D1-4465-A3CC-0DCC887F41A2}"
EndProject
Project("{9A19103F-16F7-4668-BE54-9A1E7A4F7556}") = "Agilite.UI.IoC", "Agilite.IoC\Agilite.UI.IoC.csproj", "{5E18FF1B-2736-4854-9A8A-58609550FD07}"
EndProject
Project("{9A19103F-16F7-4668-BE54-9A1E7A4F7556}") = "Agilite.UI.Services", "Agilite.UI.Services\Agilite.UI.Services.csproj", "{D7466F83-091F-42CC-9B80-4E6D4BB0317B}"
EndProject
Project("{FAE04EC0-301F-11D3-BF4B-00C04F79EFBC}") = "Agilite.UI.Mapper", "Agilite.UI.Mapper\Agilite.UI.Mapper.csproj", "{EAB1F21D-968E-4A3D-AD31-B4C69E34C81B}"
EndProject
Global
	GlobalSection(SolutionConfigurationPlatforms) = preSolution
		Debug|Any CPU = Debug|Any CPU
		Release|Any CPU = Release|Any CPU
	EndGlobalSection
	GlobalSection(ProjectConfigurationPlatforms) = postSolution
		{3F813D10-15FB-4943-A5BC-CD332620B936}.Debug|Any CPU.ActiveCfg = Debug|Any CPU
		{3F813D10-15FB-4943-A5BC-CD332620B936}.Debug|Any CPU.Build.0 = Debug|Any CPU
		{3F813D10-15FB-4943-A5BC-CD332620B936}.Release|Any CPU.ActiveCfg = Release|Any CPU
		{3F813D10-15FB-4943-A5BC-CD332620B936}.Release|Any CPU.Build.0 = Release|Any CPU
		{3D5A8AA4-E795-440B-B8CC-72F468F23CB4}.Debug|Any CPU.ActiveCfg = Debug|Any CPU
		{3D5A8AA4-E795-440B-B8CC-72F468F23CB4}.Debug|Any CPU.Build.0 = Debug|Any CPU
		{3D5A8AA4-E795-440B-B8CC-72F468F23CB4}.Release|Any CPU.ActiveCfg = Release|Any CPU
		{3D5A8AA4-E795-440B-B8CC-72F468F23CB4}.Release|Any CPU.Build.0 = Release|Any CPU
		{1A240969-14D9-4AA8-A2FE-AB06DE767894}.Debug|Any CPU.ActiveCfg = Debug|Any CPU
		{1A240969-14D9-4AA8-A2FE-AB06DE767894}.Debug|Any CPU.Build.0 = Debug|Any CPU
		{1A240969-14D9-4AA8-A2FE-AB06DE767894}.Release|Any CPU.ActiveCfg = Release|Any CPU
		{1A240969-14D9-4AA8-A2FE-AB06DE767894}.Release|Any CPU.Build.0 = Release|Any CPU
		{BB263177-84EC-435F-8441-E23F1640109F}.Debug|Any CPU.ActiveCfg = Debug|Any CPU
		{BB263177-84EC-435F-8441-E23F1640109F}.Debug|Any CPU.Build.0 = Debug|Any CPU
		{BB263177-84EC-435F-8441-E23F1640109F}.Release|Any CPU.ActiveCfg = Release|Any CPU
		{BB263177-84EC-435F-8441-E23F1640109F}.Release|Any CPU.Build.0 = Release|Any CPU
		{24BFB3C7-7474-42C1-99F7-6107537F9DC5}.Debug|Any CPU.ActiveCfg = Debug|Any CPU
		{24BFB3C7-7474-42C1-99F7-6107537F9DC5}.Debug|Any CPU.Build.0 = Debug|Any CPU
		{24BFB3C7-7474-42C1-99F7-6107537F9DC5}.Release|Any CPU.ActiveCfg = Release|Any CPU
		{24BFB3C7-7474-42C1-99F7-6107537F9DC5}.Release|Any CPU.Build.0 = Release|Any CPU
		{A670BBAE-60D2-44D5-AB92-FB2FF01BA5A9}.Debug|Any CPU.ActiveCfg = Debug|Any CPU
		{A670BBAE-60D2-44D5-AB92-FB2FF01BA5A9}.Debug|Any CPU.Build.0 = Debug|Any CPU
		{A670BBAE-60D2-44D5-AB92-FB2FF01BA5A9}.Release|Any CPU.ActiveCfg = Release|Any CPU
		{A670BBAE-60D2-44D5-AB92-FB2FF01BA5A9}.Release|Any CPU.Build.0 = Release|Any CPU
		{21917B39-FDF0-434F-9C89-4A185C011C04}.Debug|Any CPU.ActiveCfg = Debug|Any CPU
		{21917B39-FDF0-434F-9C89-4A185C011C04}.Debug|Any CPU.Build.0 = Debug|Any CPU
		{21917B39-FDF0-434F-9C89-4A185C011C04}.Release|Any CPU.ActiveCfg = Release|Any CPU
		{21917B39-FDF0-434F-9C89-4A185C011C04}.Release|Any CPU.Build.0 = Release|Any CPU
		{548E1C6D-B203-41C2-8641-C03BA68C1A0C}.Debug|Any CPU.ActiveCfg = Debug|Any CPU
		{548E1C6D-B203-41C2-8641-C03BA68C1A0C}.Debug|Any CPU.Build.0 = Debug|Any CPU
		{548E1C6D-B203-41C2-8641-C03BA68C1A0C}.Release|Any CPU.ActiveCfg = Release|Any CPU
		{548E1C6D-B203-41C2-8641-C03BA68C1A0C}.Release|Any CPU.Build.0 = Release|Any CPU
		{5E18FF1B-2736-4854-9A8A-58609550FD07}.Debug|Any CPU.ActiveCfg = Debug|Any CPU
		{5E18FF1B-2736-4854-9A8A-58609550FD07}.Debug|Any CPU.Build.0 = Debug|Any CPU
		{5E18FF1B-2736-4854-9A8A-58609550FD07}.Release|Any CPU.ActiveCfg = Release|Any CPU
		{5E18FF1B-2736-4854-9A8A-58609550FD07}.Release|Any CPU.Build.0 = Release|Any CPU
		{D7466F83-091F-42CC-9B80-4E6D4BB0317B}.Debug|Any CPU.ActiveCfg = Debug|Any CPU
		{D7466F83-091F-42CC-9B80-4E6D4BB0317B}.Debug|Any CPU.Build.0 = Debug|Any CPU
		{D7466F83-091F-42CC-9B80-4E6D4BB0317B}.Release|Any CPU.ActiveCfg = Release|Any CPU
		{D7466F83-091F-42CC-9B80-4E6D4BB0317B}.Release|Any CPU.Build.0 = Release|Any CPU
		{EAB1F21D-968E-4A3D-AD31-B4C69E34C81B}.Debug|Any CPU.ActiveCfg = Debug|Any CPU
		{EAB1F21D-968E-4A3D-AD31-B4C69E34C81B}.Debug|Any CPU.Build.0 = Debug|Any CPU
		{EAB1F21D-968E-4A3D-AD31-B4C69E34C81B}.Release|Any CPU.ActiveCfg = Release|Any CPU
		{EAB1F21D-968E-4A3D-AD31-B4C69E34C81B}.Release|Any CPU.Build.0 = Release|Any CPU
	EndGlobalSection
	GlobalSection(SolutionProperties) = preSolution
		HideSolutionNode = FALSE
	EndGlobalSection
	GlobalSection(NestedProjects) = preSolution
		{3F813D10-15FB-4943-A5BC-CD332620B936} = {0C0A4E0C-5966-4B71-B2C7-1053588588A5}
		{3D5A8AA4-E795-440B-B8CC-72F468F23CB4} = {0C0A4E0C-5966-4B71-B2C7-1053588588A5}
		{1A240969-14D9-4AA8-A2FE-AB06DE767894} = {7FD9F95F-A2D1-4465-A3CC-0DCC887F41A2}
		{BB263177-84EC-435F-8441-E23F1640109F} = {0C0A4E0C-5966-4B71-B2C7-1053588588A5}
		{24BFB3C7-7474-42C1-99F7-6107537F9DC5} = {0C0A4E0C-5966-4B71-B2C7-1053588588A5}
		{A670BBAE-60D2-44D5-AB92-FB2FF01BA5A9} = {0C0A4E0C-5966-4B71-B2C7-1053588588A5}
		{21917B39-FDF0-434F-9C89-4A185C011C04} = {0C0A4E0C-5966-4B71-B2C7-1053588588A5}
		{548E1C6D-B203-41C2-8641-C03BA68C1A0C} = {0D1A4F36-631B-4895-ACE4-CEC58BA772AD}
		{5E18FF1B-2736-4854-9A8A-58609550FD07} = {0D1A4F36-631B-4895-ACE4-CEC58BA772AD}
		{D7466F83-091F-42CC-9B80-4E6D4BB0317B} = {0D1A4F36-631B-4895-ACE4-CEC58BA772AD}
		{EAB1F21D-968E-4A3D-AD31-B4C69E34C81B} = {0D1A4F36-631B-4895-ACE4-CEC58BA772AD}
	EndGlobalSection
	GlobalSection(ExtensibilityGlobals) = postSolution
		SolutionGuid = {CC40DCFD-AACC-4343-8C4A-0799499AB2D9}
	EndGlobalSection
EndGlobal
